
Microsoft Visual Studio Solution File, Format Version 12.00
# Visual Studio Version 16
VisualStudioVersion = 16.0.31613.86
MinimumVisualStudioVersion = 10.0.40219.1
Project("{FAE04EC0-301F-11D3-BF4B-00C04F79EFBC}") = "VegaEditor", "VegaEditor\VegaEditor.csproj", "{FCB7375F-D6BF-415B-8A42-AC5E75529A6F}"
EndProject
Project("{8BC9CEB8-8B4A-11D0-8D11-00A0C91BC942}") = "Engine", "Engine\Engine.vcxproj", "{D77F6208-FAA2-4ADC-9BB8-DF6A9A800561}"
EndProject
Global
	GlobalSection(SolutionConfigurationPlatforms) = preSolution
		Debug|x64 = Debug|x64
		Release|x64 = Release|x64
	EndGlobalSection
	GlobalSection(ProjectConfigurationPlatforms) = postSolution
		{D77F6208-FAA2-4ADC-9BB8-DF6A9A800561}.Debug|x64.ActiveCfg = Debug|x64
		{D77F6208-FAA2-4ADC-9BB8-DF6A9A800561}.Debug|x64.Build.0 = Debug|x64
		{D77F6208-FAA2-4ADC-9BB8-DF6A9A800561}.Release|x64.ActiveCfg = Release|x64
		{D77F6208-FAA2-4ADC-9BB8-DF6A9A800561}.Release|x64.Build.0 = Release|x64
		{FCB7375F-D6BF-415B-8A42-AC5E75529A6F}.Debug|x64.ActiveCfg = Debug|Any CPU
		{FCB7375F-D6BF-415B-8A42-AC5E75529A6F}.Debug|x64.Build.0 = Debug|Any CPU
		{FCB7375F-D6BF-415B-8A42-AC5E75529A6F}.Release|x64.ActiveCfg = Release|Any CPU
		{FCB7375F-D6BF-415B-8A42-AC5E75529A6F}.Release|x64.Build.0 = Release|Any CPU
	EndGlobalSection
	GlobalSection(SolutionProperties) = preSolution
		HideSolutionNode = FALSE
	EndGlobalSection
	GlobalSection(ExtensibilityGlobals) = postSolution
		SolutionGuid = {BE4D19AE-FDB5-4638-A809-F40DF407C9BD}
	EndGlobalSection
EndGlobal
